
Microsoft Visual Studio Solution File, Format Version 12.00
# Visual Studio Version 16
VisualStudioVersion = 16.0.30011.22
MinimumVisualStudioVersion = 10.0.40219.1
Project("{FAE04EC0-301F-11D3-BF4B-00C04F79EFBC}") = "3.2", "3.2\3.2.csproj", "{4EAE93D2-D5A1-4627-BDE3-92D9F340F228}"
EndProject
Global
	GlobalSection(SolutionConfigurationPlatforms) = preSolution
		Debug|Any CPU = Debug|Any CPU
		Release|Any CPU = Release|Any CPU
	EndGlobalSection
	GlobalSection(ProjectConfigurationPlatforms) = postSolution
		{4EAE93D2-D5A1-4627-BDE3-92D9F340F228}.Debug|Any CPU.ActiveCfg = Debug|Any CPU
		{4EAE93D2-D5A1-4627-BDE3-92D9F340F228}.Debug|Any CPU.Build.0 = Debug|Any CPU
		{4EAE93D2-D5A1-4627-BDE3-92D9F340F228}.Release|Any CPU.ActiveCfg = Release|Any CPU
		{4EAE93D2-D5A1-4627-BDE3-92D9F340F228}.Release|Any CPU.Build.0 = Release|Any CPU
	EndGlobalSection
	GlobalSection(SolutionProperties) = preSolution
		HideSolutionNode = FALSE
	EndGlobalSection
	GlobalSection(ExtensibilityGlobals) = postSolution
		SolutionGuid = {7F692E3E-8EE1-4AD5-B712-EB8133D1E1B9}
	EndGlobalSection
EndGlobal
